
Microsoft Visual Studio Solution File, Format Version 12.00
# Visual Studio Version 17
VisualStudioVersion = 17.6.33723.286
MinimumVisualStudioVersion = 10.0.40219.1
Project("{FAE04EC0-301F-11D3-BF4B-00C04F79EFBC}") = "MidTermTest", "MidTermTest\MidTermTest.csproj", "{CC709CB3-24FD-4ED0-ABFF-9A220E032F3D}"
EndProject
Project("{FAE04EC0-301F-11D3-BF4B-00C04F79EFBC}") = "MidTermTesting", "MidTesting\MidTermTesting.csproj", "{82169190-F8C6-4F24-929A-75B7F299BB6B}"
EndProject
Global
	GlobalSection(SolutionConfigurationPlatforms) = preSolution
		Debug|Any CPU = Debug|Any CPU
		Release|Any CPU = Release|Any CPU
	EndGlobalSection
	GlobalSection(ProjectConfigurationPlatforms) = postSolution
		{CC709CB3-24FD-4ED0-ABFF-9A220E032F3D}.Debug|Any CPU.ActiveCfg = Debug|Any CPU
		{CC709CB3-24FD-4ED0-ABFF-9A220E032F3D}.Debug|Any CPU.Build.0 = Debug|Any CPU
		{CC709CB3-24FD-4ED0-ABFF-9A220E032F3D}.Release|Any CPU.ActiveCfg = Release|Any CPU
		{CC709CB3-24FD-4ED0-ABFF-9A220E032F3D}.Release|Any CPU.Build.0 = Release|Any CPU
		{82169190-F8C6-4F24-929A-75B7F299BB6B}.Debug|Any CPU.ActiveCfg = Debug|Any CPU
		{82169190-F8C6-4F24-929A-75B7F299BB6B}.Debug|Any CPU.Build.0 = Debug|Any CPU
		{82169190-F8C6-4F24-929A-75B7F299BB6B}.Release|Any CPU.ActiveCfg = Release|Any CPU
		{82169190-F8C6-4F24-929A-75B7F299BB6B}.Release|Any CPU.Build.0 = Release|Any CPU
	EndGlobalSection
	GlobalSection(SolutionProperties) = preSolution
		HideSolutionNode = FALSE
	EndGlobalSection
	GlobalSection(ExtensibilityGlobals) = postSolution
		SolutionGuid = {A95ACF65-FFF6-470F-B784-E8D25C8C79F6}
	EndGlobalSection
EndGlobal
